
Microsoft Visual Studio Solution File, Format Version 12.00
# Visual Studio 15
VisualStudioVersion = 15.0.28307.438
MinimumVisualStudioVersion = 10.0.40219.1
Project("{9A19103F-16F7-4668-BE54-9A1E7A4F7556}") = "MDXReForged", "MDXReForged\MDXReForged.csproj", "{D0DA1B7A-3698-4EEF-880C-2BAA1D8357EF}"
EndProject
Project("{FAE04EC0-301F-11D3-BF4B-00C04F79EFBC}") = "MDXReForged.Test", "MDXReForged.Test\MDXReForged.Test.csproj", "{68DFEF95-8A90-4DD1-96E3-555C1FECCE5D}"
EndProject
Global
	GlobalSection(SolutionConfigurationPlatforms) = preSolution
		Debug|Any CPU = Debug|Any CPU
		Release|Any CPU = Release|Any CPU
	EndGlobalSection
	GlobalSection(ProjectConfigurationPlatforms) = postSolution
		{D0DA1B7A-3698-4EEF-880C-2BAA1D8357EF}.Debug|Any CPU.ActiveCfg = Debug|Any CPU
		{D0DA1B7A-3698-4EEF-880C-2BAA1D8357EF}.Debug|Any CPU.Build.0 = Debug|Any CPU
		{D0DA1B7A-3698-4EEF-880C-2BAA1D8357EF}.Release|Any CPU.ActiveCfg = Release|Any CPU
		{D0DA1B7A-3698-4EEF-880C-2BAA1D8357EF}.Release|Any CPU.Build.0 = Release|Any CPU
		{68DFEF95-8A90-4DD1-96E3-555C1FECCE5D}.Debug|Any CPU.ActiveCfg = Debug|Any CPU
		{68DFEF95-8A90-4DD1-96E3-555C1FECCE5D}.Debug|Any CPU.Build.0 = Debug|Any CPU
		{68DFEF95-8A90-4DD1-96E3-555C1FECCE5D}.Release|Any CPU.ActiveCfg = Release|Any CPU
		{68DFEF95-8A90-4DD1-96E3-555C1FECCE5D}.Release|Any CPU.Build.0 = Release|Any CPU
	EndGlobalSection
	GlobalSection(SolutionProperties) = preSolution
		HideSolutionNode = FALSE
	EndGlobalSection
	GlobalSection(ExtensibilityGlobals) = postSolution
		SolutionGuid = {368CC24B-A9AC-4C0C-85F6-749F99D6FE1D}
	EndGlobalSection
EndGlobal
